// !$*UTF8*$!
{
	archiveVersion = 1;
	classes = {
	};
	objectVersion = 45;
	objects = {

/* Begin PBXBuildFile section */
		6209C7B01644363000B5BD2C /* AppController.m in Sources */ = {isa = PBXBuildFile; fileRef = 6209C7A51644363000B5BD2C /* AppController.m */; };
		6209C7B11644363000B5BD2C /* MyDocument.m in Sources */ = {isa = PBXBuildFile; fileRef = 6209C7A71644363000B5BD2C /* MyDocument.m */; };
		6209C7B21644363000B5BD2C /* VolumeView.m in Sources */ = {isa = PBXBuildFile; fileRef = 6209C7A91644363000B5BD2C /* VolumeView.m */; };
		6209C7B31644363000B5BD2C /* MyView.m in Sources */ = {isa = PBXBuildFile; fileRef = 6209C7AB1644363000B5BD2C /* MyView.m */; };
		6209C7B41644363000B5BD2C /* MyOpenGLView.m in Sources */ = {isa = PBXBuildFile; fileRef = 6209C7AD1644363000B5BD2C /* MyOpenGLView.m */; };
		6209C7B51644363000B5BD2C /* Trackball.m in Sources */ = {isa = PBXBuildFile; fileRef = 6209C7AF1644363000B5BD2C /* Trackball.m */; };
		6209C7C61644363D00B5BD2C /* editmesh.c in Sources */ = {isa = PBXBuildFile; fileRef = 6209C7B81644363D00B5BD2C /* editmesh.c */; };
		6209C7C71644363D00B5BD2C /* geometricatlas.c in Sources */ = {isa = PBXBuildFile; fileRef = 6209C7BA1644363D00B5BD2C /* geometricatlas.c */; };
		6209C7C81644363D00B5BD2C /* math3D.c in Sources */ = {isa = PBXBuildFile; fileRef = 6209C7BC1644363D00B5BD2C /* math3D.c */; };
		6209C7C91644363D00B5BD2C /* mesh.c in Sources */ = {isa = PBXBuildFile; fileRef = 6209C7BE1644363D00B5BD2C /* mesh.c */; };
		6209C7CA1644363D00B5BD2C /* talairach.c in Sources */ = {isa = PBXBuildFile; fileRef = 6209C7C01644363D00B5BD2C /* talairach.c */; };
		6209C7CB1644363D00B5BD2C /* util.c in Sources */ = {isa = PBXBuildFile; fileRef = 6209C7C21644363D00B5BD2C /* util.c */; };
		6209C7CC1644363D00B5BD2C /* volume.c in Sources */ = {isa = PBXBuildFile; fileRef = 6209C7C41644363D00B5BD2C /* volume.c */; };
		6209C7DA1644364E00B5BD2C /* curvature.vf1 in Resources */ = {isa = PBXBuildFile; fileRef = 6209C7CE1644364E00B5BD2C /* curvature.vf1 */; };
		6209C7DB1644364E00B5BD2C /* cytoarchitecture512.tif in Resources */ = {isa = PBXBuildFile; fileRef = 6209C7CF1644364E00B5BD2C /* cytoarchitecture512.tif */; };
		6209C7DC1644364E00B5BD2C /* geometric_model.3dmf in Resources */ = {isa = PBXBuildFile; fileRef = 6209C7D01644364E00B5BD2C /* geometric_model.3dmf */; };
		6209C7DD1644364E00B5BD2C /* geometric_model.vf3 in Resources */ = {isa = PBXBuildFile; fileRef = 6209C7D11644364E00B5BD2C /* geometric_model.vf3 */; };
		6209C7DE1644364E00B5BD2C /* gm.tif in Resources */ = {isa = PBXBuildFile; fileRef = 6209C7D21644364E00B5BD2C /* gm.tif */; };
		6209C7DF1644364E00B5BD2C /* gm_brodman.tif in Resources */ = {isa = PBXBuildFile; fileRef = 6209C7D31644364E00B5BD2C /* gm_brodman.tif */; };
		6209C7E01644364E00B5BD2C /* gm_sulc.tif in Resources */ = {isa = PBXBuildFile; fileRef = 6209C7D41644364E00B5BD2C /* gm_sulc.tif */; };
		6209C7E11644364E00B5BD2C /* mean.vf1 in Resources */ = {isa = PBXBuildFile; fileRef = 6209C7D51644364E00B5BD2C /* mean.vf1 */; };
		6209C7E21644364E00B5BD2C /* original.3dmf in Resources */ = {isa = PBXBuildFile; fileRef = 6209C7D61644364E00B5BD2C /* original.3dmf */; };
		6209C7E31644364E00B5BD2C /* smooth.3dmf in Resources */ = {isa = PBXBuildFile; fileRef = 6209C7D71644364E00B5BD2C /* smooth.3dmf */; };
		6209C7E41644364E00B5BD2C /* spherical.3dmf in Resources */ = {isa = PBXBuildFile; fileRef = 6209C7D81644364E00B5BD2C /* spherical.3dmf */; };
		6209C7E51644364E00B5BD2C /* sulcal_depth.vf1 in Resources */ = {isa = PBXBuildFile; fileRef = 6209C7D91644364E00B5BD2C /* sulcal_depth.vf1 */; };
		6209C7EB164436DF00B5BD2C /* MainMenu.xib in Resources */ = {isa = PBXBuildFile; fileRef = 6209C7E9164436DF00B5BD2C /* MainMenu.xib */; };
		6209C7EC164436DF00B5BD2C /* MyDocument.xib in Resources */ = {isa = PBXBuildFile; fileRef = 6209C7EA164436DF00B5BD2C /* MyDocument.xib */; };
		6209C80D164437A300B5BD2C /* OpenGL.framework in Frameworks */ = {isa = PBXBuildFile; fileRef = 6209C80C164437A300B5BD2C /* OpenGL.framework */; };
		8D15AC2C0486D014006FF6A4 /* Credits.rtf in Resources */ = {isa = PBXBuildFile; fileRef = 2A37F4B9FDCFA73011CA2CEA /* Credits.rtf */; };
		8D15AC2F0486D014006FF6A4 /* InfoPlist.strings in Resources */ = {isa = PBXBuildFile; fileRef = 089C165FFE840EACC02AAC07 /* InfoPlist.strings */; };
		8D15AC320486D014006FF6A4 /* main.m in Sources */ = {isa = PBXBuildFile; fileRef = 2A37F4B0FDCFA73011CA2CEA /* main.m */; settings = {ATTRIBUTES = (); }; };
		8D15AC340486D014006FF6A4 /* Cocoa.framework in Frameworks */ = {isa = PBXBuildFile; fileRef = 1058C7A7FEA54F5311CA2CBB /* Cocoa.framework */; };
/* End PBXBuildFile section */

/* Begin PBXFileReference section */
		089C1660FE840EACC02AAC07 /* English */ = {isa = PBXFileReference; fileEncoding = 4; lastKnownFileType = text.plist.strings; name = English; path = English.lproj/InfoPlist.strings; sourceTree = "<group>"; };
		1058C7A7FEA54F5311CA2CBB /* Cocoa.framework */ = {isa = PBXFileReference; lastKnownFileType = wrapper.framework; name = Cocoa.framework; path = /System/Library/Frameworks/Cocoa.framework; sourceTree = "<absolute>"; };
		13E42FBA07B3F13500E4EEF1 /* CoreData.framework */ = {isa = PBXFileReference; lastKnownFileType = wrapper.framework; name = CoreData.framework; path = /System/Library/Frameworks/CoreData.framework; sourceTree = "<absolute>"; };
		2564AD2C0F5327BB00F57823 /* Geometric_Atlas_Prefix.pch */ = {isa = PBXFileReference; fileEncoding = 4; lastKnownFileType = sourcecode.c.h; path = Geometric_Atlas_Prefix.pch; sourceTree = "<group>"; };
		2A37F4B0FDCFA73011CA2CEA /* main.m */ = {isa = PBXFileReference; fileEncoding = 4; lastKnownFileType = sourcecode.c.objc; path = main.m; sourceTree = "<group>"; };
		2A37F4BAFDCFA73011CA2CEA /* English */ = {isa = PBXFileReference; lastKnownFileType = text.rtf; name = English; path = English.lproj/Credits.rtf; sourceTree = "<group>"; };
		2A37F4C4FDCFA73011CA2CEA /* AppKit.framework */ = {isa = PBXFileReference; lastKnownFileType = wrapper.framework; name = AppKit.framework; path = /System/Library/Frameworks/AppKit.framework; sourceTree = "<absolute>"; };
		2A37F4C5FDCFA73011CA2CEA /* Foundation.framework */ = {isa = PBXFileReference; lastKnownFileType = wrapper.framework; name = Foundation.framework; path = /System/Library/Frameworks/Foundation.framework; sourceTree = "<absolute>"; };
		6209C7A41644363000B5BD2C /* AppController.h */ = {isa = PBXFileReference; fileEncoding = 4; lastKnownFileType = sourcecode.c.h; path = AppController.h; sourceTree = "<group>"; };
		6209C7A51644363000B5BD2C /* AppController.m */ = {isa = PBXFileReference; fileEncoding = 4; lastKnownFileType = sourcecode.c.objc; path = AppController.m; sourceTree = "<group>"; };
		6209C7A61644363000B5BD2C /* MyDocument.h */ = {isa = PBXFileReference; fileEncoding = 4; lastKnownFileType = sourcecode.c.h; path = MyDocument.h; sourceTree = "<group>"; };
		6209C7A71644363000B5BD2C /* MyDocument.m */ = {isa = PBXFileReference; fileEncoding = 4; lastKnownFileType = sourcecode.c.objc; path = MyDocument.m; sourceTree = "<group>"; };
		6209C7A81644363000B5BD2C /* VolumeView.h */ = {isa = PBXFileReference; fileEncoding = 4; lastKnownFileType = sourcecode.c.h; path = VolumeView.h; sourceTree = "<group>"; };
		6209C7A91644363000B5BD2C /* VolumeView.m */ = {isa = PBXFileReference; fileEncoding = 4; lastKnownFileType = sourcecode.c.objc; path = VolumeView.m; sourceTree = "<group>"; };
		6209C7AA1644363000B5BD2C /* MyView.h */ = {isa = PBXFileReference; fileEncoding = 4; lastKnownFileType = sourcecode.c.h; path = MyView.h; sourceTree = "<group>"; };
		6209C7AB1644363000B5BD2C /* MyView.m */ = {isa = PBXFileReference; fileEncoding = 4; lastKnownFileType = sourcecode.c.objc; path = MyView.m; sourceTree = "<group>"; };
		6209C7AC1644363000B5BD2C /* MyOpenGLView.h */ = {isa = PBXFileReference; fileEncoding = 4; lastKnownFileType = sourcecode.c.h; path = MyOpenGLView.h; sourceTree = "<group>"; };
		6209C7AD1644363000B5BD2C /* MyOpenGLView.m */ = {isa = PBXFileReference; fileEncoding = 4; lastKnownFileType = sourcecode.c.objc; path = MyOpenGLView.m; sourceTree = "<group>"; };
		6209C7AE1644363000B5BD2C /* Trackball.h */ = {isa = PBXFileReference; fileEncoding = 4; lastKnownFileType = sourcecode.c.h; path = Trackball.h; sourceTree = "<group>"; };
		6209C7AF1644363000B5BD2C /* Trackball.m */ = {isa = PBXFileReference; fileEncoding = 4; lastKnownFileType = sourcecode.c.objc; path = Trackball.m; sourceTree = "<group>"; };
		6209C7B71644363D00B5BD2C /* colourmap.h */ = {isa = PBXFileReference; fileEncoding = 4; lastKnownFileType = sourcecode.c.h; path = colourmap.h; sourceTree = "<group>"; };
		6209C7B81644363D00B5BD2C /* editmesh.c */ = {isa = PBXFileReference; fileEncoding = 4; lastKnownFileType = sourcecode.c.c; path = editmesh.c; sourceTree = "<group>"; };
		6209C7B91644363D00B5BD2C /* editmesh.h */ = {isa = PBXFileReference; fileEncoding = 4; lastKnownFileType = sourcecode.c.h; path = editmesh.h; sourceTree = "<group>"; };
		6209C7BA1644363D00B5BD2C /* geometricatlas.c */ = {isa = PBXFileReference; fileEncoding = 4; lastKnownFileType = sourcecode.c.c; path = geometricatlas.c; sourceTree = "<group>"; };
		6209C7BB1644363D00B5BD2C /* geometricatlas.h */ = {isa = PBXFileReference; fileEncoding = 4; lastKnownFileType = sourcecode.c.h; path = geometricatlas.h; sourceTree = "<group>"; };
		6209C7BC1644363D00B5BD2C /* math3D.c */ = {isa = PBXFileReference; fileEncoding = 4; lastKnownFileType = sourcecode.c.c; path = math3D.c; sourceTree = "<group>"; };
		6209C7BD1644363D00B5BD2C /* math3D.h */ = {isa = PBXFileReference; fileEncoding = 4; lastKnownFileType = sourcecode.c.h; path = math3D.h; sourceTree = "<group>"; };
		6209C7BE1644363D00B5BD2C /* mesh.c */ = {isa = PBXFileReference; fileEncoding = 4; lastKnownFileType = sourcecode.c.c; path = mesh.c; sourceTree = "<group>"; };
		6209C7BF1644363D00B5BD2C /* mesh.h */ = {isa = PBXFileReference; fileEncoding = 4; lastKnownFileType = sourcecode.c.h; path = mesh.h; sourceTree = "<group>"; };
		6209C7C01644363D00B5BD2C /* talairach.c */ = {isa = PBXFileReference; fileEncoding = 4; lastKnownFileType = sourcecode.c.c; path = talairach.c; sourceTree = "<group>"; };
		6209C7C11644363D00B5BD2C /* talairach.h */ = {isa = PBXFileReference; fileEncoding = 4; lastKnownFileType = sourcecode.c.h; path = talairach.h; sourceTree = "<group>"; };
		6209C7C21644363D00B5BD2C /* util.c */ = {isa = PBXFileReference; fileEncoding = 4; lastKnownFileType = sourcecode.c.c; path = util.c; sourceTree = "<group>"; };
		6209C7C31644363D00B5BD2C /* util.h */ = {isa = PBXFileReference; fileEncoding = 4; lastKnownFileType = sourcecode.c.h; path = util.h; sourceTree = "<group>"; };
		6209C7C41644363D00B5BD2C /* volume.c */ = {isa = PBXFileReference; fileEncoding = 4; lastKnownFileType = sourcecode.c.c; path = volume.c; sourceTree = "<group>"; };
		6209C7C51644363D00B5BD2C /* volume.h */ = {isa = PBXFileReference; fileEncoding = 4; lastKnownFileType = sourcecode.c.h; path = volume.h; sourceTree = "<group>"; };
		6209C7CE1644364E00B5BD2C /* curvature.vf1 */ = {isa = PBXFileReference; lastKnownFileType = file; path = curvature.vf1; sourceTree = "<group>"; };
		6209C7CF1644364E00B5BD2C /* cytoarchitecture512.tif */ = {isa = PBXFileReference; lastKnownFileType = image.tiff; path = cytoarchitecture512.tif; sourceTree = "<group>"; };
		6209C7D01644364E00B5BD2C /* geometric_model.3dmf */ = {isa = PBXFileReference; fileEncoding = 4; lastKnownFileType = text; path = geometric_model.3dmf; sourceTree = "<group>"; };
		6209C7D11644364E00B5BD2C /* geometric_model.vf3 */ = {isa = PBXFileReference; lastKnownFileType = file; path = geometric_model.vf3; sourceTree = "<group>"; };
		6209C7D21644364E00B5BD2C /* gm.tif */ = {isa = PBXFileReference; lastKnownFileType = image.tiff; path = gm.tif; sourceTree = "<group>"; };
		6209C7D31644364E00B5BD2C /* gm_brodman.tif */ = {isa = PBXFileReference; lastKnownFileType = image.tiff; path = gm_brodman.tif; sourceTree = "<group>"; };
		6209C7D41644364E00B5BD2C /* gm_sulc.tif */ = {isa = PBXFileReference; lastKnownFileType = image.tiff; path = gm_sulc.tif; sourceTree = "<group>"; };
		6209C7D51644364E00B5BD2C /* mean.vf1 */ = {isa = PBXFileReference; lastKnownFileType = file; path = mean.vf1; sourceTree = "<group>"; };
		6209C7D61644364E00B5BD2C /* original.3dmf */ = {isa = PBXFileReference; fileEncoding = 4; lastKnownFileType = text; path = original.3dmf; sourceTree = "<group>"; };
		6209C7D71644364E00B5BD2C /* smooth.3dmf */ = {isa = PBXFileReference; fileEncoding = 4; lastKnownFileType = text; path = smooth.3dmf; sourceTree = "<group>"; };
		6209C7D81644364E00B5BD2C /* spherical.3dmf */ = {isa = PBXFileReference; fileEncoding = 4; lastKnownFileType = text; path = spherical.3dmf; sourceTree = "<group>"; };
		6209C7D91644364E00B5BD2C /* sulcal_depth.vf1 */ = {isa = PBXFileReference; lastKnownFileType = file; path = sulcal_depth.vf1; sourceTree = "<group>"; };
		6209C7E9164436DF00B5BD2C /* MainMenu.xib */ = {isa = PBXFileReference; lastKnownFileType = file.xib; path = MainMenu.xib; sourceTree = "<group>"; };
		6209C7EA164436DF00B5BD2C /* MyDocument.xib */ = {isa = PBXFileReference; lastKnownFileType = file.xib; path = MyDocument.xib; sourceTree = "<group>"; };
		6209C80C164437A300B5BD2C /* OpenGL.framework */ = {isa = PBXFileReference; lastKnownFileType = wrapper.framework; name = OpenGL.framework; path = /System/Library/Frameworks/OpenGL.framework; sourceTree = "<absolute>"; };
		8D15AC360486D014006FF6A4 /* Geometric_Atlas-Info.plist */ = {isa = PBXFileReference; fileEncoding = 4; lastKnownFileType = text.plist.xml; path = "Geometric_Atlas-Info.plist"; sourceTree = "<group>"; };
		8D15AC370486D014006FF6A4 /* Geometric Atlas.app */ = {isa = PBXFileReference; explicitFileType = wrapper.application; includeInIndex = 0; path = "Geometric Atlas.app"; sourceTree = BUILT_PRODUCTS_DIR; };
/* End PBXFileReference section */

/* Begin PBXFrameworksBuildPhase section */
		8D15AC330486D014006FF6A4 /* Frameworks */ = {
			isa = PBXFrameworksBuildPhase;
			buildActionMask = 2147483647;
			files = (
				8D15AC340486D014006FF6A4 /* Cocoa.framework in Frameworks */,
				6209C80D164437A300B5BD2C /* OpenGL.framework in Frameworks */,
			);
			runOnlyForDeploymentPostprocessing = 0;
		};
/* End PBXFrameworksBuildPhase section */

/* Begin PBXGroup section */
		1058C7A6FEA54F5311CA2CBB /* Linked Frameworks */ = {
			isa = PBXGroup;
			children = (
				1058C7A7FEA54F5311CA2CBB /* Cocoa.framework */,
			);
			name = "Linked Frameworks";
			sourceTree = "<group>";
		};
		1058C7A8FEA54F5311CA2CBB /* Other Frameworks */ = {
			isa = PBXGroup;
			children = (
				6209C80C164437A300B5BD2C /* OpenGL.framework */,
				2A37F4C4FDCFA73011CA2CEA /* AppKit.framework */,
				13E42FBA07B3F13500E4EEF1 /* CoreData.framework */,
				2A37F4C5FDCFA73011CA2CEA /* Foundation.framework */,
			);
			name = "Other Frameworks";
			sourceTree = "<group>";
		};
		19C28FB0FE9D524F11CA2CBB /* Products */ = {
			isa = PBXGroup;
			children = (
				8D15AC370486D014006FF6A4 /* Geometric Atlas.app */,
			);
			name = Products;
			sourceTree = "<group>";
		};
		2A37F4AAFDCFA73011CA2CEA /* Geometric Atlas */ = {
			isa = PBXGroup;
			children = (
				6209C7A31644363000B5BD2C /* Objective C */,
				6209C7B61644363D00B5BD2C /* Standard C */,
				2A37F4AFFDCFA73011CA2CEA /* Other Sources */,
				2A37F4B8FDCFA73011CA2CEA /* Resources */,
				2A37F4C3FDCFA73011CA2CEA /* Frameworks */,
				19C28FB0FE9D524F11CA2CBB /* Products */,
			);
			name = "Geometric Atlas";
			sourceTree = "<group>";
		};
		2A37F4AFFDCFA73011CA2CEA /* Other Sources */ = {
			isa = PBXGroup;
			children = (
				2564AD2C0F5327BB00F57823 /* Geometric_Atlas_Prefix.pch */,
				2A37F4B0FDCFA73011CA2CEA /* main.m */,
			);
			name = "Other Sources";
			sourceTree = "<group>";
		};
		2A37F4B8FDCFA73011CA2CEA /* Resources */ = {
			isa = PBXGroup;
			children = (
				6209C7E9164436DF00B5BD2C /* MainMenu.xib */,
				6209C7EA164436DF00B5BD2C /* MyDocument.xib */,
				6209C7CD1644364E00B5BD2C /* GA_Folder */,
				2A37F4B9FDCFA73011CA2CEA /* Credits.rtf */,
				8D15AC360486D014006FF6A4 /* Geometric_Atlas-Info.plist */,
				089C165FFE840EACC02AAC07 /* InfoPlist.strings */,
			);
			name = Resources;
			sourceTree = "<group>";
		};
		2A37F4C3FDCFA73011CA2CEA /* Frameworks */ = {
			isa = PBXGroup;
			children = (
				1058C7A6FEA54F5311CA2CBB /* Linked Frameworks */,
				1058C7A8FEA54F5311CA2CBB /* Other Frameworks */,
			);
			name = Frameworks;
			sourceTree = "<group>";
		};
		6209C7A31644363000B5BD2C /* Objective C */ = {
			isa = PBXGroup;
			children = (
				6209C7A41644363000B5BD2C /* AppController.h */,
				6209C7A51644363000B5BD2C /* AppController.m */,
				6209C7A61644363000B5BD2C /* MyDocument.h */,
				6209C7A71644363000B5BD2C /* MyDocument.m */,
				6209C7A81644363000B5BD2C /* VolumeView.h */,
				6209C7A91644363000B5BD2C /* VolumeView.m */,
				6209C7AA1644363000B5BD2C /* MyView.h */,
				6209C7AB1644363000B5BD2C /* MyView.m */,
				6209C7AC1644363000B5BD2C /* MyOpenGLView.h */,
				6209C7AD1644363000B5BD2C /* MyOpenGLView.m */,
				6209C7AE1644363000B5BD2C /* Trackball.h */,
				6209C7AF1644363000B5BD2C /* Trackball.m */,
			);
			name = "Objective C";
			sourceTree = "<group>";
		};
		6209C7B61644363D00B5BD2C /* Standard C */ = {
			isa = PBXGroup;
			children = (
				6209C7B71644363D00B5BD2C /* colourmap.h */,
				6209C7B81644363D00B5BD2C /* editmesh.c */,
				6209C7B91644363D00B5BD2C /* editmesh.h */,
				6209C7BA1644363D00B5BD2C /* geometricatlas.c */,
				6209C7BB1644363D00B5BD2C /* geometricatlas.h */,
				6209C7BC1644363D00B5BD2C /* math3D.c */,
				6209C7BD1644363D00B5BD2C /* math3D.h */,
				6209C7BE1644363D00B5BD2C /* mesh.c */,
				6209C7BF1644363D00B5BD2C /* mesh.h */,
				6209C7C01644363D00B5BD2C /* talairach.c */,
				6209C7C11644363D00B5BD2C /* talairach.h */,
				6209C7C21644363D00B5BD2C /* util.c */,
				6209C7C31644363D00B5BD2C /* util.h */,
				6209C7C41644363D00B5BD2C /* volume.c */,
				6209C7C51644363D00B5BD2C /* volume.h */,
			);
			name = "Standard C";
			sourceTree = "<group>";
		};
		6209C7CD1644364E00B5BD2C /* GA_Folder */ = {
			isa = PBXGroup;
			children = (
				6209C7CE1644364E00B5BD2C /* curvature.vf1 */,
				6209C7CF1644364E00B5BD2C /* cytoarchitecture512.tif */,
				6209C7D01644364E00B5BD2C /* geometric_model.3dmf */,
				6209C7D11644364E00B5BD2C /* geometric_model.vf3 */,
				6209C7D21644364E00B5BD2C /* gm.tif */,
				6209C7D31644364E00B5BD2C /* gm_brodman.tif */,
				6209C7D41644364E00B5BD2C /* gm_sulc.tif */,
				6209C7D51644364E00B5BD2C /* mean.vf1 */,
				6209C7D61644364E00B5BD2C /* original.3dmf */,
				6209C7D71644364E00B5BD2C /* smooth.3dmf */,
				6209C7D81644364E00B5BD2C /* spherical.3dmf */,
				6209C7D91644364E00B5BD2C /* sulcal_depth.vf1 */,
			);
			path = GA_Folder;
			sourceTree = "<group>";
		};
/* End PBXGroup section */

/* Begin PBXNativeTarget section */
		8D15AC270486D014006FF6A4 /* Geometric Atlas */ = {
			isa = PBXNativeTarget;
			buildConfigurationList = C05733C708A9546B00998B17 /* Build configuration list for PBXNativeTarget "Geometric Atlas" */;
			buildPhases = (
				8D15AC2B0486D014006FF6A4 /* Resources */,
				8D15AC300486D014006FF6A4 /* Sources */,
				8D15AC330486D014006FF6A4 /* Frameworks */,
			);
			buildRules = (
			);
			dependencies = (
			);
			name = "Geometric Atlas";
			productInstallPath = "$(HOME)/Applications";
			productName = "Geometric Atlas";
			productReference = 8D15AC370486D014006FF6A4 /* Geometric Atlas.app */;
			productType = "com.apple.product-type.application";
		};
/* End PBXNativeTarget section */

/* Begin PBXProject section */
		2A37F4A9FDCFA73011CA2CEA /* Project object */ = {
			isa = PBXProject;
			buildConfigurationList = C05733CB08A9546B00998B17 /* Build configuration list for PBXProject "Geometric Atlas" */;
			compatibilityVersion = "Xcode 3.1";
			hasScannedForEncodings = 1;
			mainGroup = 2A37F4AAFDCFA73011CA2CEA /* Geometric Atlas */;
			projectDirPath = "";
			projectRoot = "";
			targets = (
				8D15AC270486D014006FF6A4 /* Geometric Atlas */,
			);
		};
/* End PBXProject section */

/* Begin PBXResourcesBuildPhase section */
		8D15AC2B0486D014006FF6A4 /* Resources */ = {
			isa = PBXResourcesBuildPhase;
			buildActionMask = 2147483647;
			files = (
				8D15AC2C0486D014006FF6A4 /* Credits.rtf in Resources */,
				8D15AC2F0486D014006FF6A4 /* InfoPlist.strings in Resources */,
				6209C7DA1644364E00B5BD2C /* curvature.vf1 in Resources */,
				6209C7DB1644364E00B5BD2C /* cytoarchitecture512.tif in Resources */,
				6209C7DC1644364E00B5BD2C /* geometric_model.3dmf in Resources */,
				6209C7DD1644364E00B5BD2C /* geometric_model.vf3 in Resources */,
				6209C7DE1644364E00B5BD2C /* gm.tif in Resources */,
				6209C7DF1644364E00B5BD2C /* gm_brodman.tif in Resources */,
				6209C7E01644364E00B5BD2C /* gm_sulc.tif in Resources */,
				6209C7E11644364E00B5BD2C /* mean.vf1 in Resources */,
				6209C7E21644364E00B5BD2C /* original.3dmf in Resources */,
				6209C7E31644364E00B5BD2C /* smooth.3dmf in Resources */,
				6209C7E41644364E00B5BD2C /* spherical.3dmf in Resources */,
				6209C7E51644364E00B5BD2C /* sulcal_depth.vf1 in Resources */,
				6209C7EB164436DF00B5BD2C /* MainMenu.xib in Resources */,
				6209C7EC164436DF00B5BD2C /* MyDocument.xib in Resources */,
			);
			runOnlyForDeploymentPostprocessing = 0;
		};
/* End PBXResourcesBuildPhase section */

/* Begin PBXSourcesBuildPhase section */
		8D15AC300486D014006FF6A4 /* Sources */ = {
			isa = PBXSourcesBuildPhase;
			buildActionMask = 2147483647;
			files = (
				8D15AC320486D014006FF6A4 /* main.m in Sources */,
				6209C7B01644363000B5BD2C /* AppController.m in Sources */,
				6209C7B11644363000B5BD2C /* MyDocument.m in Sources */,
				6209C7B21644363000B5BD2C /* VolumeView.m in Sources */,
				6209C7B31644363000B5BD2C /* MyView.m in Sources */,
				6209C7B41644363000B5BD2C /* MyOpenGLView.m in Sources */,
				6209C7B51644363000B5BD2C /* Trackball.m in Sources */,
				6209C7C61644363D00B5BD2C /* editmesh.c in Sources */,
				6209C7C71644363D00B5BD2C /* geometricatlas.c in Sources */,
				6209C7C81644363D00B5BD2C /* math3D.c in Sources */,
				6209C7C91644363D00B5BD2C /* mesh.c in Sources */,
				6209C7CA1644363D00B5BD2C /* talairach.c in Sources */,
				6209C7CB1644363D00B5BD2C /* util.c in Sources */,
				6209C7CC1644363D00B5BD2C /* volume.c in Sources */,
			);
			runOnlyForDeploymentPostprocessing = 0;
		};
/* End PBXSourcesBuildPhase section */

/* Begin PBXVariantGroup section */
		089C165FFE840EACC02AAC07 /* InfoPlist.strings */ = {
			isa = PBXVariantGroup;
			children = (
				089C1660FE840EACC02AAC07 /* English */,
			);
			name = InfoPlist.strings;
			sourceTree = "<group>";
		};
		2A37F4B9FDCFA73011CA2CEA /* Credits.rtf */ = {
			isa = PBXVariantGroup;
			children = (
				2A37F4BAFDCFA73011CA2CEA /* English */,
			);
			name = Credits.rtf;
			sourceTree = "<group>";
		};
/* End PBXVariantGroup section */

/* Begin XCBuildConfiguration section */
		C05733C808A9546B00998B17 /* Debug */ = {
			isa = XCBuildConfiguration;
			buildSettings = {
				ALWAYS_SEARCH_USER_PATHS = NO;
				COPY_PHASE_STRIP = NO;
				GCC_DYNAMIC_NO_PIC = NO;
				GCC_ENABLE_FIX_AND_CONTINUE = YES;
				GCC_MODEL_TUNING = G5;
				GCC_OPTIMIZATION_LEVEL = 0;
				GCC_PRECOMPILE_PREFIX_HEADER = YES;
				GCC_PREFIX_HEADER = Geometric_Atlas_Prefix.pch;
				INFOPLIST_FILE = "Geometric_Atlas-Info.plist";
				INSTALL_PATH = "$(HOME)/Applications";
				PRODUCT_NAME = "Geometric Atlas";
			};
			name = Debug;
		};
		C05733C908A9546B00998B17 /* Release */ = {
			isa = XCBuildConfiguration;
			buildSettings = {
				ALWAYS_SEARCH_USER_PATHS = NO;
				DEBUG_INFORMATION_FORMAT = "dwarf-with-dsym";
				GCC_MODEL_TUNING = G5;
				GCC_PRECOMPILE_PREFIX_HEADER = YES;
				GCC_PREFIX_HEADER = Geometric_Atlas_Prefix.pch;
				INFOPLIST_FILE = "Geometric_Atlas-Info.plist";
				INSTALL_PATH = "$(HOME)/Applications";
				PRODUCT_NAME = "Geometric Atlas";
			};
			name = Release;
		};
		C05733CC08A9546B00998B17 /* Debug */ = {
			isa = XCBuildConfiguration;
			buildSettings = {
				ARCHS = "$(ARCHS_STANDARD_32_64_BIT)";
				GCC_C_LANGUAGE_STANDARD = gnu99;
				GCC_OPTIMIZATION_LEVEL = 0;
				GCC_WARN_ABOUT_RETURN_TYPE = YES;
				GCC_WARN_UNUSED_VARIABLE = YES;
				ONLY_ACTIVE_ARCH = YES;
				PREBINDING = NO;
				SDKROOT = macosx10.6;
			};
			name = Debug;
		};
		C05733CD08A9546B00998B17 /* Release */ = {
			isa = XCBuildConfiguration;
			buildSettings = {
				ARCHS = "$(ARCHS_STANDARD_32_64_BIT)";
				GCC_C_LANGUAGE_STANDARD = gnu99;
				GCC_WARN_ABOUT_RETURN_TYPE = YES;
				GCC_WARN_UNUSED_VARIABLE = YES;
				PREBINDING = NO;
				SDKROOT = macosx10.6;
			};
			name = Release;
		};
/* End XCBuildConfiguration section */

/* Begin XCConfigurationList section */
		C05733C708A9546B00998B17 /* Build configuration list for PBXNativeTarget "Geometric Atlas" */ = {
			isa = XCConfigurationList;
			buildConfigurations = (
				C05733C808A9546B00998B17 /* Debug */,
				C05733C908A9546B00998B17 /* Release */,
			);
			defaultConfigurationIsVisible = 0;
			defaultConfigurationName = Release;
		};
		C05733CB08A9546B00998B17 /* Build configuration list for PBXProject "Geometric Atlas" */ = {
			isa = XCConfigurationList;
			buildConfigurations = (
				C05733CC08A9546B00998B17 /* Debug */,
				C05733CD08A9546B00998B17 /* Release */,
			);
			defaultConfigurationIsVisible = 0;
			defaultConfigurationName = Release;
		};
/* End XCConfigurationList section */
	};
	rootObject = 2A37F4A9FDCFA73011CA2CEA /* Project object */;
}
